// !$*UTF8*$!
{
	archiveVersion = 1;
	classes = {
	};
	objectVersion = 46;
	objects = {

/* Begin PBXBuildFile section */
		11834F5E1CB3982B008F6ACB /* main.cpp in Sources */ = {isa = PBXBuildFile; fileRef = 11834F5D1CB3982B008F6ACB /* main.cpp */; };
		11834F651CB39E23008F6ACB /* OpenGL.framework in Frameworks */ = {isa = PBXBuildFile; fileRef = 11834F641CB39E23008F6ACB /* OpenGL.framework */; };
		11834F671CB39EDB008F6ACB /* libGLEW.1.13.0.dylib in Frameworks */ = {isa = PBXBuildFile; fileRef = 11834F661CB39EDB008F6ACB /* libGLEW.1.13.0.dylib */; };
		11834F691CB3A201008F6ACB /* libglfw.3.1.dylib in Frameworks */ = {isa = PBXBuildFile; fileRef = 11834F681CB3A201008F6ACB /* libglfw.3.1.dylib */; };
/* End PBXBuildFile section */

/* Begin PBXCopyFilesBuildPhase section */
		11834F581CB3982B008F6ACB /* CopyFiles */ = {
			isa = PBXCopyFilesBuildPhase;
			buildActionMask = 2147483647;
			dstPath = /usr/share/man/man1/;
			dstSubfolderSpec = 0;
			files = (
			);
			runOnlyForDeploymentPostprocessing = 1;
		};
/* End PBXCopyFilesBuildPhase section */

/* Begin PBXFileReference section */
		11834F5A1CB3982B008F6ACB /* BaseOpenGL */ = {isa = PBXFileReference; explicitFileType = "compiled.mach-o.executable"; includeInIndex = 0; path = BaseOpenGL; sourceTree = BUILT_PRODUCTS_DIR; };
		11834F5D1CB3982B008F6ACB /* main.cpp */ = {isa = PBXFileReference; lastKnownFileType = sourcecode.cpp.cpp; path = main.cpp; sourceTree = "<group>"; };
		11834F641CB39E23008F6ACB /* OpenGL.framework */ = {isa = PBXFileReference; lastKnownFileType = wrapper.framework; name = OpenGL.framework; path = System/Library/Frameworks/OpenGL.framework; sourceTree = SDKROOT; };
		11834F661CB39EDB008F6ACB /* libGLEW.1.13.0.dylib */ = {isa = PBXFileReference; lastKnownFileType = "compiled.mach-o.dylib"; name = libGLEW.1.13.0.dylib; path = ../../../../usr/local/lib/libGLEW.1.13.0.dylib; sourceTree = "<group>"; };
		11834F681CB3A201008F6ACB /* libglfw.3.1.dylib */ = {isa = PBXFileReference; lastKnownFileType = "compiled.mach-o.dylib"; name = libglfw.3.1.dylib; path = glfw/build/src/Debug/libglfw.3.1.dylib; sourceTree = "<group>"; };
/* End PBXFileReference section */

/* Begin PBXFrameworksBuildPhase section */
		11834F571CB3982B008F6ACB /* Frameworks */ = {
			isa = PBXFrameworksBuildPhase;
			buildActionMask = 2147483647;
			files = (
				11834F691CB3A201008F6ACB /* libglfw.3.1.dylib in Frameworks */,
				11834F671CB39EDB008F6ACB /* libGLEW.1.13.0.dylib in Frameworks */,
				11834F651CB39E23008F6ACB /* OpenGL.framework in Frameworks */,
			);
			runOnlyForDeploymentPostprocessing = 0;
		};
/* End PBXFrameworksBuildPhase section */

/* Begin PBXGroup section */
		11834F511CB3982B008F6ACB = {
			isa = PBXGroup;
			children = (
				11834F681CB3A201008F6ACB /* libglfw.3.1.dylib */,
				11834F661CB39EDB008F6ACB /* libGLEW.1.13.0.dylib */,
				11834F641CB39E23008F6ACB /* OpenGL.framework */,
				11834F5C1CB3982B008F6ACB /* BaseOpenGL */,
				11834F5B1CB3982B008F6ACB /* Products */,
			);
			sourceTree = "<group>";
		};
		11834F5B1CB3982B008F6ACB /* Products */ = {
			isa = PBXGroup;
			children = (
				11834F5A1CB3982B008F6ACB /* BaseOpenGL */,
			);
			name = Products;
			sourceTree = "<group>";
		};
		11834F5C1CB3982B008F6ACB /* BaseOpenGL */ = {
			isa = PBXGroup;
			children = (
				11834F5D1CB3982B008F6ACB /* main.cpp */,
			);
			path = BaseOpenGL;
			sourceTree = "<group>";
		};
/* End PBXGroup section */

/* Begin PBXNativeTarget section */
		11834F591CB3982B008F6ACB /* BaseOpenGL */ = {
			isa = PBXNativeTarget;
			buildConfigurationList = 11834F611CB3982B008F6ACB /* Build configuration list for PBXNativeTarget "BaseOpenGL" */;
			buildPhases = (
				11834F561CB3982B008F6ACB /* Sources */,
				11834F571CB3982B008F6ACB /* Frameworks */,
				11834F581CB3982B008F6ACB /* CopyFiles */,
			);
			buildRules = (
			);
			dependencies = (
			);
			name = BaseOpenGL;
			productName = BaseOpenGL;
			productReference = 11834F5A1CB3982B008F6ACB /* BaseOpenGL */;
			productType = "com.apple.product-type.tool";
		};
/* End PBXNativeTarget section */

/* Begin PBXProject section */
		11834F521CB3982B008F6ACB /* Project object */ = {
			isa = PBXProject;
			attributes = {
				LastUpgradeCheck = 0730;
				ORGANIZATIONNAME = "Chairuni Aulia Nusapati";
				TargetAttributes = {
					11834F591CB3982B008F6ACB = {
						CreatedOnToolsVersion = 7.3;
					};
				};
			};
			buildConfigurationList = 11834F551CB3982B008F6ACB /* Build configuration list for PBXProject "BaseOpenGL" */;
			compatibilityVersion = "Xcode 3.2";
			developmentRegion = English;
			hasScannedForEncodings = 0;
			knownRegions = (
				en,
			);
			mainGroup = 11834F511CB3982B008F6ACB;
			productRefGroup = 11834F5B1CB3982B008F6ACB /* Products */;
			projectDirPath = "";
			projectRoot = "";
			targets = (
				11834F591CB3982B008F6ACB /* BaseOpenGL */,
			);
		};
/* End PBXProject section */

/* Begin PBXSourcesBuildPhase section */
		11834F561CB3982B008F6ACB /* Sources */ = {
			isa = PBXSourcesBuildPhase;
			buildActionMask = 2147483647;
			files = (
				11834F5E1CB3982B008F6ACB /* main.cpp in Sources */,
			);
			runOnlyForDeploymentPostprocessing = 0;
		};
/* End PBXSourcesBuildPhase section */

/* Begin XCBuildConfiguration section */
		11834F5F1CB3982B008F6ACB /* Debug */ = {
			isa = XCBuildConfiguration;
			buildSettings = {
				ALWAYS_SEARCH_USER_PATHS = NO;
				CLANG_ANALYZER_NONNULL = YES;
				CLANG_CXX_LANGUAGE_STANDARD = "gnu++0x";
				CLANG_CXX_LIBRARY = "libc++";
				CLANG_ENABLE_MODULES = YES;
				CLANG_ENABLE_OBJC_ARC = YES;
				CLANG_WARN_BOOL_CONVERSION = YES;
				CLANG_WARN_CONSTANT_CONVERSION = YES;
				CLANG_WARN_DIRECT_OBJC_ISA_USAGE = YES_ERROR;
				CLANG_WARN_EMPTY_BODY = YES;
				CLANG_WARN_ENUM_CONVERSION = YES;
				CLANG_WARN_INT_CONVERSION = YES;
				CLANG_WARN_OBJC_ROOT_CLASS = YES_ERROR;
				CLANG_WARN_UNREACHABLE_CODE = YES;
				CLANG_WARN__DUPLICATE_METHOD_MATCH = YES;
				CODE_SIGN_IDENTITY = "-";
				COPY_PHASE_STRIP = NO;
				DEBUG_INFORMATION_FORMAT = dwarf;
				ENABLE_STRICT_OBJC_MSGSEND = YES;
				ENABLE_TESTABILITY = YES;
				GCC_C_LANGUAGE_STANDARD = gnu99;
				GCC_DYNAMIC_NO_PIC = NO;
				GCC_NO_COMMON_BLOCKS = YES;
				GCC_OPTIMIZATION_LEVEL = 0;
				GCC_PREPROCESSOR_DEFINITIONS = (
					"DEBUG=1",
					"$(inherited)",
				);
				GCC_WARN_64_TO_32_BIT_CONVERSION = YES;
				GCC_WARN_ABOUT_RETURN_TYPE = YES_ERROR;
				GCC_WARN_UNDECLARED_SELECTOR = YES;
				GCC_WARN_UNINITIALIZED_AUTOS = YES_AGGRESSIVE;
				GCC_WARN_UNUSED_FUNCTION = YES;
				GCC_WARN_UNUSED_VARIABLE = YES;
				MACOSX_DEPLOYMENT_TARGET = 10.11;
				MTL_ENABLE_DEBUG_INFO = YES;
				ONLY_ACTIVE_ARCH = YES;
				SDKROOT = macosx;
			};
			name = Debug;
		};
		11834F601CB3982B008F6ACB /* Release */ = {
			isa = XCBuildConfiguration;
			buildSettings = {
				ALWAYS_SEARCH_USER_PATHS = NO;
				CLANG_ANALYZER_NONNULL = YES;
				CLANG_CXX_LANGUAGE_STANDARD = "gnu++0x";
				CLANG_CXX_LIBRARY = "libc++";
				CLANG_ENABLE_MODULES = YES;
				CLANG_ENABLE_OBJC_ARC = YES;
				CLANG_WARN_BOOL_CONVERSION = YES;
				CLANG_WARN_CONSTANT_CONVERSION = YES;
				CLANG_WARN_DIRECT_OBJC_ISA_USAGE = YES_ERROR;
				CLANG_WARN_EMPTY_BODY = YES;
				CLANG_WARN_ENUM_CONVERSION = YES;
				CLANG_WARN_INT_CONVERSION = YES;
				CLANG_WARN_OBJC_ROOT_CLASS = YES_ERROR;
				CLANG_WARN_UNREACHABLE_CODE = YES;
				CLANG_WARN__DUPLICATE_METHOD_MATCH = YES;
				CODE_SIGN_IDENTITY = "-";
				COPY_PHASE_STRIP = NO;
				DEBUG_INFORMATION_FORMAT = "dwarf-with-dsym";
				ENABLE_NS_ASSERTIONS = NO;
				ENABLE_STRICT_OBJC_MSGSEND = YES;
				GCC_C_LANGUAGE_STANDARD = gnu99;
				GCC_NO_COMMON_BLOCKS = YES;
				GCC_WARN_64_TO_32_BIT_CONVERSION = YES;
				GCC_WARN_ABOUT_RETURN_TYPE = YES_ERROR;
				GCC_WARN_UNDECLARED_SELECTOR = YES;
				GCC_WARN_UNINITIALIZED_AUTOS = YES_AGGRESSIVE;
				GCC_WARN_UNUSED_FUNCTION = YES;
				GCC_WARN_UNUSED_VARIABLE = YES;
				MACOSX_DEPLOYMENT_TARGET = 10.11;
				MTL_ENABLE_DEBUG_INFO = NO;
				SDKROOT = macosx;
			};
			name = Release;
		};
		11834F621CB3982B008F6ACB /* Debug */ = {
			isa = XCBuildConfiguration;
			buildSettings = {
				HEADER_SEARCH_PATHS = (
					/Applications/Xcode.app/Contents/Developer/Toolchains/XCodeDefault.xctoolchain/usr/include,
					/opt/local/include,
					/usr/local/include,
				);
				LIBRARY_SEARCH_PATHS = (
					"$(inherited)",
					"$(PROJECT_DIR)/glfw/build/src/Debug",
					/opt/local/lib,
					/usr/local/lib,
				);
				OTHER_LDFLAGS = "";
				PRODUCT_NAME = "$(TARGET_NAME)";
			};
			name = Debug;
		};
		11834F631CB3982B008F6ACB /* Release */ = {
			isa = XCBuildConfiguration;
			buildSettings = {
				HEADER_SEARCH_PATHS = (
					/Applications/Xcode.app/Contents/Developer/Toolchains/XCodeDefault.xctoolchain/usr/include,
					/opt/local/include,
					/usr/local/include,
				);
				LIBRARY_SEARCH_PATHS = (
					"$(inherited)",
					"$(PROJECT_DIR)/glfw/build/src/Debug",
					/opt/local/lib,
					/usr/local/lib,
				);
				OTHER_LDFLAGS = "";
				PRODUCT_NAME = "$(TARGET_NAME)";
			};
			name = Release;
		};
/* End XCBuildConfiguration section */

/* Begin XCConfigurationList section */
		11834F551CB3982B008F6ACB /* Build configuration list for PBXProject "BaseOpenGL" */ = {
			isa = XCConfigurationList;
			buildConfigurations = (
				11834F5F1CB3982B008F6ACB /* Debug */,
				11834F601CB3982B008F6ACB /* Release */,
			);
			defaultConfigurationIsVisible = 0;
			defaultConfigurationName = Release;
		};
		11834F611CB3982B008F6ACB /* Build configuration list for PBXNativeTarget "BaseOpenGL" */ = {
			isa = XCConfigurationList;
			buildConfigurations = (
				11834F621CB3982B008F6ACB /* Debug */,
				11834F631CB3982B008F6ACB /* Release */,
			);
			defaultConfigurationIsVisible = 0;
			defaultConfigurationName = Release;
		};
/* End XCConfigurationList section */
	};
	rootObject = 11834F521CB3982B008F6ACB /* Project object */;
}
